// !$*UTF8*$!
{
	archiveVersion = 1;
	classes = {
	};
	objectVersion = 46;
	objects = {

/* Begin PBXBuildFile section */
		45E96FBD51DF5A7DE1DB484B /* Pods_SteamAuth.framework in Frameworks */ = {isa = PBXBuildFile; fileRef = 2B5C5213254311FD1B3AAD75 /* Pods_SteamAuth.framework */; };
		724743AB1CEA3F6800D9E2E0 /* SessionData.swift in Sources */ = {isa = PBXBuildFile; fileRef = 724743AA1CEA3F6800D9E2E0 /* SessionData.swift */; };
		724743AD1CEA427B00D9E2E0 /* Util.swift in Sources */ = {isa = PBXBuildFile; fileRef = 724743AC1CEA427B00D9E2E0 /* Util.swift */; };
		72AC87881CE9B0D000657612 /* SteamGuardAccount.swift in Sources */ = {isa = PBXBuildFile; fileRef = 72AC87871CE9B0D000657612 /* SteamGuardAccount.swift */; };
		72AC878A1CE9CC8D00657612 /* SteamWeb.swift in Sources */ = {isa = PBXBuildFile; fileRef = 72AC87891CE9CC8D00657612 /* SteamWeb.swift */; };
		72AC878C1CEA0FC600657612 /* APIEndpoints.swift in Sources */ = {isa = PBXBuildFile; fileRef = 72AC878B1CEA0FC600657612 /* APIEndpoints.swift */; };
		72ECC4801CEAFCA900AD7CA1 /* TimeAligner.swift in Sources */ = {isa = PBXBuildFile; fileRef = 72ECC47F1CEAFCA900AD7CA1 /* TimeAligner.swift */; };
		72ECC4821CEB1A9400AD7CA1 /* Confirmation.swift in Sources */ = {isa = PBXBuildFile; fileRef = 72ECC4811CEB1A9400AD7CA1 /* Confirmation.swift */; };
/* End PBXBuildFile section */

/* Begin PBXFileReference section */
		2B5C5213254311FD1B3AAD75 /* Pods_SteamAuth.framework */ = {isa = PBXFileReference; explicitFileType = wrapper.framework; includeInIndex = 0; path = Pods_SteamAuth.framework; sourceTree = BUILT_PRODUCTS_DIR; };
		54F8798FE663C46C56108C75 /* Pods-SteamAuth.debug.xcconfig */ = {isa = PBXFileReference; includeInIndex = 1; lastKnownFileType = text.xcconfig; name = "Pods-SteamAuth.debug.xcconfig"; path = "Pods/Target Support Files/Pods-SteamAuth/Pods-SteamAuth.debug.xcconfig"; sourceTree = "<group>"; };
		724743AA1CEA3F6800D9E2E0 /* SessionData.swift */ = {isa = PBXFileReference; fileEncoding = 4; lastKnownFileType = sourcecode.swift; path = SessionData.swift; sourceTree = "<group>"; };
		724743AC1CEA427B00D9E2E0 /* Util.swift */ = {isa = PBXFileReference; fileEncoding = 4; lastKnownFileType = sourcecode.swift; path = Util.swift; sourceTree = "<group>"; };
		72AC877C1CE9A2C800657612 /* SteamAuth.framework */ = {isa = PBXFileReference; explicitFileType = wrapper.framework; includeInIndex = 0; path = SteamAuth.framework; sourceTree = BUILT_PRODUCTS_DIR; };
		72AC87811CE9A2C800657612 /* Info.plist */ = {isa = PBXFileReference; lastKnownFileType = text.plist.xml; path = Info.plist; sourceTree = "<group>"; };
		72AC87871CE9B0D000657612 /* SteamGuardAccount.swift */ = {isa = PBXFileReference; fileEncoding = 4; lastKnownFileType = sourcecode.swift; path = SteamGuardAccount.swift; sourceTree = "<group>"; };
		72AC87891CE9CC8D00657612 /* SteamWeb.swift */ = {isa = PBXFileReference; fileEncoding = 4; lastKnownFileType = sourcecode.swift; path = SteamWeb.swift; sourceTree = "<group>"; };
		72AC878B1CEA0FC600657612 /* APIEndpoints.swift */ = {isa = PBXFileReference; fileEncoding = 4; lastKnownFileType = sourcecode.swift; path = APIEndpoints.swift; sourceTree = "<group>"; };
		72ECC47F1CEAFCA900AD7CA1 /* TimeAligner.swift */ = {isa = PBXFileReference; fileEncoding = 4; lastKnownFileType = sourcecode.swift; path = TimeAligner.swift; sourceTree = "<group>"; };
		72ECC4811CEB1A9400AD7CA1 /* Confirmation.swift */ = {isa = PBXFileReference; fileEncoding = 4; lastKnownFileType = sourcecode.swift; path = Confirmation.swift; sourceTree = "<group>"; };
		DC540FCAEE1E617915A29421 /* Pods-SteamAuth.release.xcconfig */ = {isa = PBXFileReference; includeInIndex = 1; lastKnownFileType = text.xcconfig; name = "Pods-SteamAuth.release.xcconfig"; path = "Pods/Target Support Files/Pods-SteamAuth/Pods-SteamAuth.release.xcconfig"; sourceTree = "<group>"; };
/* End PBXFileReference section */

/* Begin PBXFrameworksBuildPhase section */
		72AC87781CE9A2C800657612 /* Frameworks */ = {
			isa = PBXFrameworksBuildPhase;
			buildActionMask = 2147483647;
			files = (
				45E96FBD51DF5A7DE1DB484B /* Pods_SteamAuth.framework in Frameworks */,
			);
			runOnlyForDeploymentPostprocessing = 0;
		};
/* End PBXFrameworksBuildPhase section */

/* Begin PBXGroup section */
		56E64AC16922422A21E506CE /* Pods */ = {
			isa = PBXGroup;
			children = (
				54F8798FE663C46C56108C75 /* Pods-SteamAuth.debug.xcconfig */,
				DC540FCAEE1E617915A29421 /* Pods-SteamAuth.release.xcconfig */,
			);
			name = Pods;
			sourceTree = "<group>";
		};
		72AC87721CE9A2C800657612 = {
			isa = PBXGroup;
			children = (
				72AC877E1CE9A2C800657612 /* SteamAuth */,
				72AC877D1CE9A2C800657612 /* Products */,
				56E64AC16922422A21E506CE /* Pods */,
				C77E3567A6A4A3E5794E583E /* Frameworks */,
			);
			sourceTree = "<group>";
		};
		72AC877D1CE9A2C800657612 /* Products */ = {
			isa = PBXGroup;
			children = (
				72AC877C1CE9A2C800657612 /* SteamAuth.framework */,
			);
			name = Products;
			sourceTree = "<group>";
		};
		72AC877E1CE9A2C800657612 /* SteamAuth */ = {
			isa = PBXGroup;
			children = (
				72AC87811CE9A2C800657612 /* Info.plist */,
				72AC87871CE9B0D000657612 /* SteamGuardAccount.swift */,
				72ECC4811CEB1A9400AD7CA1 /* Confirmation.swift */,
				72ECC47F1CEAFCA900AD7CA1 /* TimeAligner.swift */,
				72AC87891CE9CC8D00657612 /* SteamWeb.swift */,
				724743AC1CEA427B00D9E2E0 /* Util.swift */,
				724743AA1CEA3F6800D9E2E0 /* SessionData.swift */,
				72AC878B1CEA0FC600657612 /* APIEndpoints.swift */,
			);
			path = SteamAuth;
			sourceTree = "<group>";
		};
		C77E3567A6A4A3E5794E583E /* Frameworks */ = {
			isa = PBXGroup;
			children = (
				2B5C5213254311FD1B3AAD75 /* Pods_SteamAuth.framework */,
			);
			name = Frameworks;
			sourceTree = "<group>";
		};
/* End PBXGroup section */

/* Begin PBXHeadersBuildPhase section */
		72AC87791CE9A2C800657612 /* Headers */ = {
			isa = PBXHeadersBuildPhase;
			buildActionMask = 2147483647;
			files = (
			);
			runOnlyForDeploymentPostprocessing = 0;
		};
/* End PBXHeadersBuildPhase section */

/* Begin PBXNativeTarget section */
		72AC877B1CE9A2C800657612 /* SteamAuth */ = {
			isa = PBXNativeTarget;
			buildConfigurationList = 72AC87841CE9A2C800657612 /* Build configuration list for PBXNativeTarget "SteamAuth" */;
			buildPhases = (
				5ED517E3C21F5AFE0C342D65 /* 📦 Check Pods Manifest.lock */,
				72AC87771CE9A2C800657612 /* Sources */,
				72AC87781CE9A2C800657612 /* Frameworks */,
				72AC87791CE9A2C800657612 /* Headers */,
				72AC877A1CE9A2C800657612 /* Resources */,
				E83B254780831EB977C602C0 /* 📦 Copy Pods Resources */,
			);
			buildRules = (
			);
			dependencies = (
			);
			name = SteamAuth;
			productName = SteamAuth;
			productReference = 72AC877C1CE9A2C800657612 /* SteamAuth.framework */;
			productType = "com.apple.product-type.framework";
		};
/* End PBXNativeTarget section */

/* Begin PBXProject section */
		72AC87731CE9A2C800657612 /* Project object */ = {
			isa = PBXProject;
			attributes = {
				LastUpgradeCheck = 0800;
				ORGANIZATIONNAME = Haruka;
				TargetAttributes = {
					72AC877B1CE9A2C800657612 = {
						CreatedOnToolsVersion = 7.3.1;
						LastSwiftMigration = 0800;
					};
				};
			};
			buildConfigurationList = 72AC87761CE9A2C800657612 /* Build configuration list for PBXProject "SteamAuth" */;
			compatibilityVersion = "Xcode 3.2";
			developmentRegion = English;
			hasScannedForEncodings = 0;
			knownRegions = (
				en,
			);
			mainGroup = 72AC87721CE9A2C800657612;
			productRefGroup = 72AC877D1CE9A2C800657612 /* Products */;
			projectDirPath = "";
			projectRoot = "";
			targets = (
				72AC877B1CE9A2C800657612 /* SteamAuth */,
			);
		};
/* End PBXProject section */

/* Begin PBXResourcesBuildPhase section */
		72AC877A1CE9A2C800657612 /* Resources */ = {
			isa = PBXResourcesBuildPhase;
			buildActionMask = 2147483647;
			files = (
			);
			runOnlyForDeploymentPostprocessing = 0;
		};
/* End PBXResourcesBuildPhase section */

/* Begin PBXShellScriptBuildPhase section */
		5ED517E3C21F5AFE0C342D65 /* 📦 Check Pods Manifest.lock */ = {
			isa = PBXShellScriptBuildPhase;
			buildActionMask = 2147483647;
			files = (
			);
			inputPaths = (
			);
			name = "📦 Check Pods Manifest.lock";
			outputPaths = (
			);
			runOnlyForDeploymentPostprocessing = 0;
			shellPath = /bin/sh;
			shellScript = "diff \"${PODS_ROOT}/../Podfile.lock\" \"${PODS_ROOT}/Manifest.lock\" > /dev/null\nif [[ $? != 0 ]] ; then\n    cat << EOM\nerror: The sandbox is not in sync with the Podfile.lock. Run 'pod install' or update your CocoaPods installation.\nEOM\n    exit 1\nfi\n";
			showEnvVarsInLog = 0;
		};
		E83B254780831EB977C602C0 /* 📦 Copy Pods Resources */ = {
			isa = PBXShellScriptBuildPhase;
			buildActionMask = 2147483647;
			files = (
			);
			inputPaths = (
			);
			name = "📦 Copy Pods Resources";
			outputPaths = (
			);
			runOnlyForDeploymentPostprocessing = 0;
			shellPath = /bin/sh;
			shellScript = "\"${SRCROOT}/Pods/Target Support Files/Pods-SteamAuth/Pods-SteamAuth-resources.sh\"\n";
			showEnvVarsInLog = 0;
		};
/* End PBXShellScriptBuildPhase section */

/* Begin PBXSourcesBuildPhase section */
		72AC87771CE9A2C800657612 /* Sources */ = {
			isa = PBXSourcesBuildPhase;
			buildActionMask = 2147483647;
			files = (
				724743AD1CEA427B00D9E2E0 /* Util.swift in Sources */,
				72AC878C1CEA0FC600657612 /* APIEndpoints.swift in Sources */,
				72AC87881CE9B0D000657612 /* SteamGuardAccount.swift in Sources */,
				72ECC4821CEB1A9400AD7CA1 /* Confirmation.swift in Sources */,
				724743AB1CEA3F6800D9E2E0 /* SessionData.swift in Sources */,
				72AC878A1CE9CC8D00657612 /* SteamWeb.swift in Sources */,
				72ECC4801CEAFCA900AD7CA1 /* TimeAligner.swift in Sources */,
			);
			runOnlyForDeploymentPostprocessing = 0;
		};
/* End PBXSourcesBuildPhase section */

/* Begin XCBuildConfiguration section */
		72AC87821CE9A2C800657612 /* Debug */ = {
			isa = XCBuildConfiguration;
			buildSettings = {
				ALWAYS_SEARCH_USER_PATHS = NO;
				CLANG_ANALYZER_NONNULL = YES;
				CLANG_CXX_LANGUAGE_STANDARD = "gnu++0x";
				CLANG_CXX_LIBRARY = "libc++";
				CLANG_ENABLE_MODULES = YES;
				CLANG_ENABLE_OBJC_ARC = YES;
				CLANG_WARN_BOOL_CONVERSION = YES;
				CLANG_WARN_CONSTANT_CONVERSION = YES;
				CLANG_WARN_DIRECT_OBJC_ISA_USAGE = YES_ERROR;
				CLANG_WARN_EMPTY_BODY = YES;
				CLANG_WARN_ENUM_CONVERSION = YES;
				CLANG_WARN_INT_CONVERSION = YES;
				CLANG_WARN_OBJC_ROOT_CLASS = YES_ERROR;
				CLANG_WARN_UNREACHABLE_CODE = YES;
				CLANG_WARN__DUPLICATE_METHOD_MATCH = YES;
				CODE_SIGN_IDENTITY = "-";
				COPY_PHASE_STRIP = NO;
				CURRENT_PROJECT_VERSION = 1;
				DEBUG_INFORMATION_FORMAT = dwarf;
				ENABLE_STRICT_OBJC_MSGSEND = YES;
				ENABLE_TESTABILITY = YES;
				GCC_C_LANGUAGE_STANDARD = gnu99;
				GCC_DYNAMIC_NO_PIC = NO;
				GCC_NO_COMMON_BLOCKS = YES;
				GCC_OPTIMIZATION_LEVEL = 0;
				GCC_PREPROCESSOR_DEFINITIONS = (
					"DEBUG=1",
					"$(inherited)",
				);
				GCC_WARN_64_TO_32_BIT_CONVERSION = YES;
				GCC_WARN_ABOUT_RETURN_TYPE = YES_ERROR;
				GCC_WARN_UNDECLARED_SELECTOR = YES;
				GCC_WARN_UNINITIALIZED_AUTOS = YES_AGGRESSIVE;
				GCC_WARN_UNUSED_FUNCTION = YES;
				GCC_WARN_UNUSED_VARIABLE = YES;
				MACOSX_DEPLOYMENT_TARGET = 10.11;
				MTL_ENABLE_DEBUG_INFO = YES;
				ONLY_ACTIVE_ARCH = YES;
				SDKROOT = macosx;
				SWIFT_OPTIMIZATION_LEVEL = "-Onone";
				VERSIONING_SYSTEM = "apple-generic";
				VERSION_INFO_PREFIX = "";
			};
			name = Debug;
		};
		72AC87831CE9A2C800657612 /* Release */ = {
			isa = XCBuildConfiguration;
			buildSettings = {
				ALWAYS_SEARCH_USER_PATHS = NO;
				CLANG_ANALYZER_NONNULL = YES;
				CLANG_CXX_LANGUAGE_STANDARD = "gnu++0x";
				CLANG_CXX_LIBRARY = "libc++";
				CLANG_ENABLE_MODULES = YES;
				CLANG_ENABLE_OBJC_ARC = YES;
				CLANG_WARN_BOOL_CONVERSION = YES;
				CLANG_WARN_CONSTANT_CONVERSION = YES;
				CLANG_WARN_DIRECT_OBJC_ISA_USAGE = YES_ERROR;
				CLANG_WARN_EMPTY_BODY = YES;
				CLANG_WARN_ENUM_CONVERSION = YES;
				CLANG_WARN_INT_CONVERSION = YES;
				CLANG_WARN_OBJC_ROOT_CLASS = YES_ERROR;
				CLANG_WARN_UNREACHABLE_CODE = YES;
				CLANG_WARN__DUPLICATE_METHOD_MATCH = YES;
				CODE_SIGN_IDENTITY = "-";
				COPY_PHASE_STRIP = NO;
				CURRENT_PROJECT_VERSION = 1;
				DEBUG_INFORMATION_FORMAT = "dwarf-with-dsym";
				ENABLE_NS_ASSERTIONS = NO;
				ENABLE_STRICT_OBJC_MSGSEND = YES;
				GCC_C_LANGUAGE_STANDARD = gnu99;
				GCC_NO_COMMON_BLOCKS = YES;
				GCC_WARN_64_TO_32_BIT_CONVERSION = YES;
				GCC_WARN_ABOUT_RETURN_TYPE = YES_ERROR;
				GCC_WARN_UNDECLARED_SELECTOR = YES;
				GCC_WARN_UNINITIALIZED_AUTOS = YES_AGGRESSIVE;
				GCC_WARN_UNUSED_FUNCTION = YES;
				GCC_WARN_UNUSED_VARIABLE = YES;
				MACOSX_DEPLOYMENT_TARGET = 10.11;
				MTL_ENABLE_DEBUG_INFO = NO;
				SDKROOT = macosx;
				VERSIONING_SYSTEM = "apple-generic";
				VERSION_INFO_PREFIX = "";
			};
			name = Release;
		};
		72AC87851CE9A2C800657612 /* Debug */ = {
			isa = XCBuildConfiguration;
			baseConfigurationReference = 54F8798FE663C46C56108C75 /* Pods-SteamAuth.debug.xcconfig */;
			buildSettings = {
				ALWAYS_EMBED_SWIFT_STANDARD_LIBRARIES = YES;
				CLANG_ENABLE_MODULES = YES;
				COMBINE_HIDPI_IMAGES = YES;
				DEFINES_MODULE = YES;
				DYLIB_COMPATIBILITY_VERSION = 1;
				DYLIB_CURRENT_VERSION = 1;
				DYLIB_INSTALL_NAME_BASE = "@rpath";
				FRAMEWORK_VERSION = A;
				INFOPLIST_FILE = SteamAuth/Info.plist;
				INSTALL_PATH = "$(LOCAL_LIBRARY_DIR)/Frameworks";
				LD_RUNPATH_SEARCH_PATHS = "$(inherited) @executable_path/../Frameworks @loader_path/Frameworks";
				PRODUCT_BUNDLE_IDENTIFIER = im.mrx.SteamAuth;
				PRODUCT_NAME = "$(TARGET_NAME)";
				SKIP_INSTALL = YES;
				SWIFT_OPTIMIZATION_LEVEL = "-Onone";
				SWIFT_VERSION = 3.0;
			};
			name = Debug;
		};
		72AC87861CE9A2C800657612 /* Release */ = {
			isa = XCBuildConfiguration;
			baseConfigurationReference = DC540FCAEE1E617915A29421 /* Pods-SteamAuth.release.xcconfig */;
			buildSettings = {
				ALWAYS_EMBED_SWIFT_STANDARD_LIBRARIES = YES;
				CLANG_ENABLE_MODULES = YES;
				COMBINE_HIDPI_IMAGES = YES;
				DEFINES_MODULE = YES;
				DYLIB_COMPATIBILITY_VERSION = 1;
				DYLIB_CURRENT_VERSION = 1;
				DYLIB_INSTALL_NAME_BASE = "@rpath";
				FRAMEWORK_VERSION = A;
				INFOPLIST_FILE = SteamAuth/Info.plist;
				INSTALL_PATH = "$(LOCAL_LIBRARY_DIR)/Frameworks";
				LD_RUNPATH_SEARCH_PATHS = "$(inherited) @executable_path/../Frameworks @loader_path/Frameworks";
				PRODUCT_BUNDLE_IDENTIFIER = im.mrx.SteamAuth;
				PRODUCT_NAME = "$(TARGET_NAME)";
				SKIP_INSTALL = YES;
				SWIFT_OPTIMIZATION_LEVEL = "-Owholemodule";
				SWIFT_VERSION = 3.0;
			};
			name = Release;
		};
/* End XCBuildConfiguration section */

/* Begin XCConfigurationList section */
		72AC87761CE9A2C800657612 /* Build configuration list for PBXProject "SteamAuth" */ = {
			isa = XCConfigurationList;
			buildConfigurations = (
				72AC87821CE9A2C800657612 /* Debug */,
				72AC87831CE9A2C800657612 /* Release */,
			);
			defaultConfigurationIsVisible = 0;
			defaultConfigurationName = Release;
		};
		72AC87841CE9A2C800657612 /* Build configuration list for PBXNativeTarget "SteamAuth" */ = {
			isa = XCConfigurationList;
			buildConfigurations = (
				72AC87851CE9A2C800657612 /* Debug */,
				72AC87861CE9A2C800657612 /* Release */,
			);
			defaultConfigurationIsVisible = 0;
			defaultConfigurationName = Release;
		};
/* End XCConfigurationList section */
	};
	rootObject = 72AC87731CE9A2C800657612 /* Project object */;
}
